
Microsoft Visual Studio Solution File, Format Version 12.00
# Visual Studio Express 2013 for Windows Desktop
VisualStudioVersion = 12.0.31101.0
MinimumVisualStudioVersion = 10.0.40219.1
Project("{8BC9CEB8-8B4A-11D0-8D11-00A0C91BC942}") = "HexWarfare", "HexWarfare\HexWarfare.vcxproj", "{49280348-5C19-4F32-898D-D6738BFE1A11}"
EndProject
Project("{8BC9CEB8-8B4A-11D0-8D11-00A0C91BC942}") = "lua", "lua\lua.vcxproj", "{2D0B09C0-86F1-45DC-AABF-D86264043792}"
EndProject
Global
	GlobalSection(SolutionConfigurationPlatforms) = preSolution
		Debug|Win32 = Debug|Win32
		Release|Win32 = Release|Win32
	EndGlobalSection
	GlobalSection(ProjectConfigurationPlatforms) = postSolution
		{49280348-5C19-4F32-898D-D6738BFE1A11}.Debug|Win32.ActiveCfg = Debug|Win32
		{49280348-5C19-4F32-898D-D6738BFE1A11}.Debug|Win32.Build.0 = Debug|Win32
		{49280348-5C19-4F32-898D-D6738BFE1A11}.Release|Win32.ActiveCfg = Release|Win32
		{49280348-5C19-4F32-898D-D6738BFE1A11}.Release|Win32.Build.0 = Release|Win32
		{2D0B09C0-86F1-45DC-AABF-D86264043792}.Debug|Win32.ActiveCfg = Debug|Win32
		{2D0B09C0-86F1-45DC-AABF-D86264043792}.Debug|Win32.Build.0 = Debug|Win32
		{2D0B09C0-86F1-45DC-AABF-D86264043792}.Release|Win32.ActiveCfg = Release|Win32
		{2D0B09C0-86F1-45DC-AABF-D86264043792}.Release|Win32.Build.0 = Release|Win32
	EndGlobalSection
	GlobalSection(SolutionProperties) = preSolution
		HideSolutionNode = FALSE
	EndGlobalSection
EndGlobal
